
Microsoft Visual Studio Solution File, Format Version 12.00
# Visual Studio 15
VisualStudioVersion = 15.0.27130.2010
MinimumVisualStudioVersion = 10.0.40219.1
Project("{9A19103F-16F7-4668-BE54-9A1E7A4F7556}") = "DebtRatchet.Library", "DebtRatchet.Library\DebtRatchet.Library.csproj", "{DF7721AD-B41D-4FFA-9615-59BEE03773E4}"
EndProject
Project("{9A19103F-16F7-4668-BE54-9A1E7A4F7556}") = "DebtRatchet", "DebtRatchet\DebtRatchet.csproj", "{9159E3E1-2AF6-4722-ACB0-719B5989AB0B}"
EndProject
Project("{FAE04EC0-301F-11D3-BF4B-00C04F79EFBC}") = "DebtRatchet.Vsix", "DebtRatchet.Vsix\DebtRatchet.Vsix.csproj", "{50D42E01-F2A7-4AB3-9FAA-DAADA1895498}"
EndProject
Project("{9A19103F-16F7-4668-BE54-9A1E7A4F7556}") = "AttributeUpdater", "AttributeUpdater\AttributeUpdater.csproj", "{BA2E7091-8EEB-45F6-9C64-11F96525307C}"
EndProject
Project("{9A19103F-16F7-4668-BE54-9A1E7A4F7556}") = "StatisticsProvider", "StatisticsProvider\StatisticsProvider.csproj", "{BB38C4CF-F46A-4932-A746-8434A278FE8A}"
EndProject
Project("{9A19103F-16F7-4668-BE54-9A1E7A4F7556}") = "StatisticsProvider.Test", "StatisticsProvider.Test\StatisticsProvider.Test.csproj", "{25967261-7D43-4A37-B3C3-16719F439B8F}"
EndProject
Project("{9A19103F-16F7-4668-BE54-9A1E7A4F7556}") = "AttributeUpdate.Test", "AttributeUpdate.Test\AttributeUpdate.Test.csproj", "{D082DF05-B930-42F7-B31E-840D51C17C64}"
EndProject
Project("{9A19103F-16F7-4668-BE54-9A1E7A4F7556}") = "DebtRatchet.Test", "DebtRatchet.Test\DebtRatchet.Test.csproj", "{26DE6C79-07E2-4F91-A8FB-F897A1214B86}"
EndProject
Global
	GlobalSection(SolutionConfigurationPlatforms) = preSolution
		Debug|Any CPU = Debug|Any CPU
		Release|Any CPU = Release|Any CPU
	EndGlobalSection
	GlobalSection(ProjectConfigurationPlatforms) = postSolution
		{DF7721AD-B41D-4FFA-9615-59BEE03773E4}.Debug|Any CPU.ActiveCfg = Debug|Any CPU
		{DF7721AD-B41D-4FFA-9615-59BEE03773E4}.Debug|Any CPU.Build.0 = Debug|Any CPU
		{DF7721AD-B41D-4FFA-9615-59BEE03773E4}.Release|Any CPU.ActiveCfg = Release|Any CPU
		{DF7721AD-B41D-4FFA-9615-59BEE03773E4}.Release|Any CPU.Build.0 = Release|Any CPU
		{9159E3E1-2AF6-4722-ACB0-719B5989AB0B}.Debug|Any CPU.ActiveCfg = Debug|Any CPU
		{9159E3E1-2AF6-4722-ACB0-719B5989AB0B}.Debug|Any CPU.Build.0 = Debug|Any CPU
		{9159E3E1-2AF6-4722-ACB0-719B5989AB0B}.Release|Any CPU.ActiveCfg = Release|Any CPU
		{9159E3E1-2AF6-4722-ACB0-719B5989AB0B}.Release|Any CPU.Build.0 = Release|Any CPU
		{50D42E01-F2A7-4AB3-9FAA-DAADA1895498}.Debug|Any CPU.ActiveCfg = Debug|Any CPU
		{50D42E01-F2A7-4AB3-9FAA-DAADA1895498}.Debug|Any CPU.Build.0 = Debug|Any CPU
		{50D42E01-F2A7-4AB3-9FAA-DAADA1895498}.Release|Any CPU.ActiveCfg = Release|Any CPU
		{50D42E01-F2A7-4AB3-9FAA-DAADA1895498}.Release|Any CPU.Build.0 = Release|Any CPU
		{BA2E7091-8EEB-45F6-9C64-11F96525307C}.Debug|Any CPU.ActiveCfg = Debug|Any CPU
		{BA2E7091-8EEB-45F6-9C64-11F96525307C}.Debug|Any CPU.Build.0 = Debug|Any CPU
		{BA2E7091-8EEB-45F6-9C64-11F96525307C}.Release|Any CPU.ActiveCfg = Release|Any CPU
		{BA2E7091-8EEB-45F6-9C64-11F96525307C}.Release|Any CPU.Build.0 = Release|Any CPU
		{BB38C4CF-F46A-4932-A746-8434A278FE8A}.Debug|Any CPU.ActiveCfg = Debug|Any CPU
		{BB38C4CF-F46A-4932-A746-8434A278FE8A}.Debug|Any CPU.Build.0 = Debug|Any CPU
		{BB38C4CF-F46A-4932-A746-8434A278FE8A}.Release|Any CPU.ActiveCfg = Release|Any CPU
		{BB38C4CF-F46A-4932-A746-8434A278FE8A}.Release|Any CPU.Build.0 = Release|Any CPU
		{25967261-7D43-4A37-B3C3-16719F439B8F}.Debug|Any CPU.ActiveCfg = Debug|Any CPU
		{25967261-7D43-4A37-B3C3-16719F439B8F}.Debug|Any CPU.Build.0 = Debug|Any CPU
		{25967261-7D43-4A37-B3C3-16719F439B8F}.Release|Any CPU.ActiveCfg = Release|Any CPU
		{25967261-7D43-4A37-B3C3-16719F439B8F}.Release|Any CPU.Build.0 = Release|Any CPU
		{D082DF05-B930-42F7-B31E-840D51C17C64}.Debug|Any CPU.ActiveCfg = Debug|Any CPU
		{D082DF05-B930-42F7-B31E-840D51C17C64}.Debug|Any CPU.Build.0 = Debug|Any CPU
		{D082DF05-B930-42F7-B31E-840D51C17C64}.Release|Any CPU.ActiveCfg = Release|Any CPU
		{D082DF05-B930-42F7-B31E-840D51C17C64}.Release|Any CPU.Build.0 = Release|Any CPU
		{26DE6C79-07E2-4F91-A8FB-F897A1214B86}.Debug|Any CPU.ActiveCfg = Debug|Any CPU
		{26DE6C79-07E2-4F91-A8FB-F897A1214B86}.Debug|Any CPU.Build.0 = Debug|Any CPU
		{26DE6C79-07E2-4F91-A8FB-F897A1214B86}.Release|Any CPU.ActiveCfg = Release|Any CPU
		{26DE6C79-07E2-4F91-A8FB-F897A1214B86}.Release|Any CPU.Build.0 = Release|Any CPU
	EndGlobalSection
	GlobalSection(SolutionProperties) = preSolution
		HideSolutionNode = FALSE
	EndGlobalSection
	GlobalSection(ExtensibilityGlobals) = postSolution
		SolutionGuid = {B1A041B9-68CB-4496-9145-19E564E164E4}
	EndGlobalSection
EndGlobal
