
Microsoft Visual Studio Solution File, Format Version 12.00
# Visual Studio 14
VisualStudioVersion = 14.0.25420.1
MinimumVisualStudioVersion = 10.0.40219.1
Project("{FAE04EC0-301F-11D3-BF4B-00C04F79EFBC}") = "DebtAnalyzer", "DebtAnalyzer\DebtAnalyzer\DebtAnalyzer.csproj", "{679A037B-4B94-4152-9636-3A621B546A75}"
EndProject
Project("{FAE04EC0-301F-11D3-BF4B-00C04F79EFBC}") = "DebtAnalyzer.Test", "DebtAnalyzer\DebtAnalyzer.Test\DebtAnalyzer.Test.csproj", "{8B20B7FB-4E06-44DC-8C46-99A7C28307EC}"
EndProject
Project("{FAE04EC0-301F-11D3-BF4B-00C04F79EFBC}") = "DebtAnalyzer.Vsix", "DebtAnalyzer\DebtAnalyzer.Vsix\DebtAnalyzer.Vsix.csproj", "{EC9300E1-5EDB-4710-B268-87FF3C705D24}"
EndProject
Project("{FAE04EC0-301F-11D3-BF4B-00C04F79EFBC}") = "StatisticsProvider", "StatisticsProvider\StatisticsProvider.csproj", "{115616FD-C2BB-4FE8-BD9D-37065E51518A}"
EndProject
Project("{FAE04EC0-301F-11D3-BF4B-00C04F79EFBC}") = "StatisticsProvider.Test", "StatisticsProvider.Test\StatisticsProvider.Test.csproj", "{1E77CB95-873F-4AD2-848E-BF4C3E1C5508}"
EndProject
Project("{FAE04EC0-301F-11D3-BF4B-00C04F79EFBC}") = "AttributeUpdater", "AttributeUpdater\AttributeUpdater.csproj", "{86886822-D662-43C3-BCC7-24FF274E847C}"
EndProject
Project("{FAE04EC0-301F-11D3-BF4B-00C04F79EFBC}") = "AttributeUpdater.Test", "AttributeUpdater.Test\AttributeUpdater.Test.csproj", "{23457767-C056-4A4D-AFF3-C246220ADB55}"
EndProject
Project("{FAE04EC0-301F-11D3-BF4B-00C04F79EFBC}") = "DebtRatchet.Test", "DebtRatchet.Test\DebtRatchet.Test.csproj", "{70C1AFA9-469F-4D24-A3D6-C1F8FF0866A2}"
EndProject
Global
	GlobalSection(SolutionConfigurationPlatforms) = preSolution
		Debug|Any CPU = Debug|Any CPU
		Release|Any CPU = Release|Any CPU
	EndGlobalSection
	GlobalSection(ProjectConfigurationPlatforms) = postSolution
		{679A037B-4B94-4152-9636-3A621B546A75}.Debug|Any CPU.ActiveCfg = Debug|Any CPU
		{679A037B-4B94-4152-9636-3A621B546A75}.Debug|Any CPU.Build.0 = Debug|Any CPU
		{679A037B-4B94-4152-9636-3A621B546A75}.Release|Any CPU.ActiveCfg = Release|Any CPU
		{679A037B-4B94-4152-9636-3A621B546A75}.Release|Any CPU.Build.0 = Release|Any CPU
		{8B20B7FB-4E06-44DC-8C46-99A7C28307EC}.Debug|Any CPU.ActiveCfg = Debug|Any CPU
		{8B20B7FB-4E06-44DC-8C46-99A7C28307EC}.Debug|Any CPU.Build.0 = Debug|Any CPU
		{8B20B7FB-4E06-44DC-8C46-99A7C28307EC}.Release|Any CPU.ActiveCfg = Release|Any CPU
		{8B20B7FB-4E06-44DC-8C46-99A7C28307EC}.Release|Any CPU.Build.0 = Release|Any CPU
		{EC9300E1-5EDB-4710-B268-87FF3C705D24}.Debug|Any CPU.ActiveCfg = Debug|Any CPU
		{EC9300E1-5EDB-4710-B268-87FF3C705D24}.Debug|Any CPU.Build.0 = Debug|Any CPU
		{EC9300E1-5EDB-4710-B268-87FF3C705D24}.Release|Any CPU.ActiveCfg = Release|Any CPU
		{EC9300E1-5EDB-4710-B268-87FF3C705D24}.Release|Any CPU.Build.0 = Release|Any CPU
		{115616FD-C2BB-4FE8-BD9D-37065E51518A}.Debug|Any CPU.ActiveCfg = Debug|Any CPU
		{115616FD-C2BB-4FE8-BD9D-37065E51518A}.Debug|Any CPU.Build.0 = Debug|Any CPU
		{115616FD-C2BB-4FE8-BD9D-37065E51518A}.Release|Any CPU.ActiveCfg = Release|Any CPU
		{115616FD-C2BB-4FE8-BD9D-37065E51518A}.Release|Any CPU.Build.0 = Release|Any CPU
		{1E77CB95-873F-4AD2-848E-BF4C3E1C5508}.Debug|Any CPU.ActiveCfg = Debug|Any CPU
		{1E77CB95-873F-4AD2-848E-BF4C3E1C5508}.Debug|Any CPU.Build.0 = Debug|Any CPU
		{1E77CB95-873F-4AD2-848E-BF4C3E1C5508}.Release|Any CPU.ActiveCfg = Release|Any CPU
		{1E77CB95-873F-4AD2-848E-BF4C3E1C5508}.Release|Any CPU.Build.0 = Release|Any CPU
		{86886822-D662-43C3-BCC7-24FF274E847C}.Debug|Any CPU.ActiveCfg = Debug|Any CPU
		{86886822-D662-43C3-BCC7-24FF274E847C}.Debug|Any CPU.Build.0 = Debug|Any CPU
		{86886822-D662-43C3-BCC7-24FF274E847C}.Release|Any CPU.ActiveCfg = Release|Any CPU
		{86886822-D662-43C3-BCC7-24FF274E847C}.Release|Any CPU.Build.0 = Release|Any CPU
		{23457767-C056-4A4D-AFF3-C246220ADB55}.Debug|Any CPU.ActiveCfg = Debug|Any CPU
		{23457767-C056-4A4D-AFF3-C246220ADB55}.Debug|Any CPU.Build.0 = Debug|Any CPU
		{23457767-C056-4A4D-AFF3-C246220ADB55}.Release|Any CPU.ActiveCfg = Release|Any CPU
		{23457767-C056-4A4D-AFF3-C246220ADB55}.Release|Any CPU.Build.0 = Release|Any CPU
		{70C1AFA9-469F-4D24-A3D6-C1F8FF0866A2}.Debug|Any CPU.ActiveCfg = Debug|Any CPU
		{70C1AFA9-469F-4D24-A3D6-C1F8FF0866A2}.Debug|Any CPU.Build.0 = Debug|Any CPU
		{70C1AFA9-469F-4D24-A3D6-C1F8FF0866A2}.Release|Any CPU.ActiveCfg = Release|Any CPU
		{70C1AFA9-469F-4D24-A3D6-C1F8FF0866A2}.Release|Any CPU.Build.0 = Release|Any CPU
	EndGlobalSection
	GlobalSection(SolutionProperties) = preSolution
		HideSolutionNode = FALSE
	EndGlobalSection
EndGlobal
