
Microsoft Visual Studio Solution File, Format Version 12.00
# Visual Studio 15
VisualStudioVersion = 15.0.27130.2010
MinimumVisualStudioVersion = 10.0.40219.1
Project("{FAE04EC0-301F-11D3-BF4B-00C04F79EFBC}") = "ExampleLibrary", "ExampleLibrary\ExampleLibrary.csproj", "{0F796340-6FCA-48C7-9A0D-E4197DEEF15C}"
EndProject
Global
	GlobalSection(SolutionConfigurationPlatforms) = preSolution
		Debug|Any CPU = Debug|Any CPU
		Release|Any CPU = Release|Any CPU
	EndGlobalSection
	GlobalSection(ProjectConfigurationPlatforms) = postSolution
		{0F796340-6FCA-48C7-9A0D-E4197DEEF15C}.Debug|Any CPU.ActiveCfg = Debug|Any CPU
		{0F796340-6FCA-48C7-9A0D-E4197DEEF15C}.Debug|Any CPU.Build.0 = Debug|Any CPU
		{0F796340-6FCA-48C7-9A0D-E4197DEEF15C}.Release|Any CPU.ActiveCfg = Release|Any CPU
		{0F796340-6FCA-48C7-9A0D-E4197DEEF15C}.Release|Any CPU.Build.0 = Release|Any CPU
	EndGlobalSection
	GlobalSection(SolutionProperties) = preSolution
		HideSolutionNode = FALSE
	EndGlobalSection
	GlobalSection(ExtensibilityGlobals) = postSolution
		SolutionGuid = {9CF58A07-DBED-4550-8230-6E7A6690F393}
	EndGlobalSection
EndGlobal
